
Microsoft Visual Studio Solution File, Format Version 12.00
# Visual Studio 2013
VisualStudioVersion = 12.0.40629.0
MinimumVisualStudioVersion = 10.0.40219.1
Project("{FAE04EC0-301F-11D3-BF4B-00C04F79EFBC}") = "Testing", "Testing\Testing.csproj", "{A1AA8E95-1117-4248-9B51-98F9208F7328}"
EndProject
Global
	GlobalSection(SolutionConfigurationPlatforms) = preSolution
		Debug|Any CPU = Debug|Any CPU
		Release|Any CPU = Release|Any CPU
	EndGlobalSection
	GlobalSection(ProjectConfigurationPlatforms) = postSolution
		{A1AA8E95-1117-4248-9B51-98F9208F7328}.Debug|Any CPU.ActiveCfg = Debug|Any CPU
		{A1AA8E95-1117-4248-9B51-98F9208F7328}.Debug|Any CPU.Build.0 = Debug|Any CPU
		{A1AA8E95-1117-4248-9B51-98F9208F7328}.Release|Any CPU.ActiveCfg = Release|Any CPU
		{A1AA8E95-1117-4248-9B51-98F9208F7328}.Release|Any CPU.Build.0 = Release|Any CPU
	EndGlobalSection
	GlobalSection(SolutionProperties) = preSolution
		HideSolutionNode = FALSE
	EndGlobalSection
EndGlobal
